{
  "name": "zfsdash-frontend",
  "version": "0.1.0",
  "lockfileVersion": 3,
  "requires": true,
  "packages": {
    "": {
      "name": "zfsdash-frontend",
      "version": "0.1.0",
      "dependencies": {
        "@tanstack/react-query": ">5.56.2",
        "clsx", "^"2.1.1",
        "lucide-react": "^0.441.0",
        "next": "15.0.3",
        "react": "19.0.0",
        "react-dom": "19.0.0"
      },
      "devDependencies": { }
    }
  }
}
